// !$*UTF8*$!
{
	archiveVersion = 1;
	classes = {
	};
	objectVersion = 50;
	objects = {

/* Begin PBXBuildFile section */
		F3D521C22669310200822E1E /* AppDelegate.swift in Sources */ = {isa = PBXBuildFile; fileRef = F3D521C12669310200822E1E /* AppDelegate.swift */; };
		F3D521C42669310200822E1E /* SceneDelegate.swift in Sources */ = {isa = PBXBuildFile; fileRef = F3D521C32669310200822E1E /* SceneDelegate.swift */; };
		F3D521C62669310200822E1E /* ViewController.swift in Sources */ = {isa = PBXBuildFile; fileRef = F3D521C52669310200822E1E /* ViewController.swift */; };
		F3D521C92669310200822E1E /* Main.storyboard in Resources */ = {isa = PBXBuildFile; fileRef = F3D521C72669310200822E1E /* Main.storyboard */; };
		F3D521CB2669310500822E1E /* Assets.xcassets in Resources */ = {isa = PBXBuildFile; fileRef = F3D521CA2669310500822E1E /* Assets.xcassets */; };
		F3D521CE2669310500822E1E /* LaunchScreen.storyboard in Resources */ = {isa = PBXBuildFile; fileRef = F3D521CC2669310500822E1E /* LaunchScreen.storyboard */; };
		F3D521D92669310500822E1E /* draw_sample_with_libTests.swift in Sources */ = {isa = PBXBuildFile; fileRef = F3D521D82669310500822E1E /* draw_sample_with_libTests.swift */; };
		F3D521E42669310500822E1E /* draw_sample_with_libUITests.swift in Sources */ = {isa = PBXBuildFile; fileRef = F3D521E32669310500822E1E /* draw_sample_with_libUITests.swift */; };
/* End PBXBuildFile section */

/* Begin PBXContainerItemProxy section */
		F3D521D52669310500822E1E /* PBXContainerItemProxy */ = {
			isa = PBXContainerItemProxy;
			containerPortal = F3D521B62669310200822E1E /* Project object */;
			proxyType = 1;
			remoteGlobalIDString = F3D521BD2669310200822E1E;
			remoteInfo = draw_sample_with_lib;
		};
		F3D521E02669310500822E1E /* PBXContainerItemProxy */ = {
			isa = PBXContainerItemProxy;
			containerPortal = F3D521B62669310200822E1E /* Project object */;
			proxyType = 1;
			remoteGlobalIDString = F3D521BD2669310200822E1E;
			remoteInfo = draw_sample_with_lib;
		};
/* End PBXContainerItemProxy section */

/* Begin PBXFileReference section */
		F3D521BE2669310200822E1E /* draw_sample_with_lib.app */ = {isa = PBXFileReference; explicitFileType = wrapper.application; includeInIndex = 0; path = draw_sample_with_lib.app; sourceTree = BUILT_PRODUCTS_DIR; };
		F3D521C12669310200822E1E /* AppDelegate.swift */ = {isa = PBXFileReference; lastKnownFileType = sourcecode.swift; path = AppDelegate.swift; sourceTree = "<group>"; };
		F3D521C32669310200822E1E /* SceneDelegate.swift */ = {isa = PBXFileReference; lastKnownFileType = sourcecode.swift; path = SceneDelegate.swift; sourceTree = "<group>"; };
		F3D521C52669310200822E1E /* ViewController.swift */ = {isa = PBXFileReference; lastKnownFileType = sourcecode.swift; path = ViewController.swift; sourceTree = "<group>"; };
		F3D521C82669310200822E1E /* Base */ = {isa = PBXFileReference; lastKnownFileType = file.storyboard; name = Base; path = Base.lproj/Main.storyboard; sourceTree = "<group>"; };
		F3D521CA2669310500822E1E /* Assets.xcassets */ = {isa = PBXFileReference; lastKnownFileType = folder.assetcatalog; path = Assets.xcassets; sourceTree = "<group>"; };
		F3D521CD2669310500822E1E /* Base */ = {isa = PBXFileReference; lastKnownFileType = file.storyboard; name = Base; path = Base.lproj/LaunchScreen.storyboard; sourceTree = "<group>"; };
		F3D521CF2669310500822E1E /* Info.plist */ = {isa = PBXFileReference; lastKnownFileType = text.plist.xml; path = Info.plist; sourceTree = "<group>"; };
		F3D521D42669310500822E1E /* draw_sample_with_libTests.xctest */ = {isa = PBXFileReference; explicitFileType = wrapper.cfbundle; includeInIndex = 0; path = draw_sample_with_libTests.xctest; sourceTree = BUILT_PRODUCTS_DIR; };
		F3D521D82669310500822E1E /* draw_sample_with_libTests.swift */ = {isa = PBXFileReference; lastKnownFileType = sourcecode.swift; path = draw_sample_with_libTests.swift; sourceTree = "<group>"; };
		F3D521DA2669310500822E1E /* Info.plist */ = {isa = PBXFileReference; lastKnownFileType = text.plist.xml; path = Info.plist; sourceTree = "<group>"; };
		F3D521DF2669310500822E1E /* draw_sample_with_libUITests.xctest */ = {isa = PBXFileReference; explicitFileType = wrapper.cfbundle; includeInIndex = 0; path = draw_sample_with_libUITests.xctest; sourceTree = BUILT_PRODUCTS_DIR; };
		F3D521E32669310500822E1E /* draw_sample_with_libUITests.swift */ = {isa = PBXFileReference; lastKnownFileType = sourcecode.swift; path = draw_sample_with_libUITests.swift; sourceTree = "<group>"; };
		F3D521E52669310500822E1E /* Info.plist */ = {isa = PBXFileReference; lastKnownFileType = text.plist.xml; path = Info.plist; sourceTree = "<group>"; };
/* End PBXFileReference section */

/* Begin PBXFrameworksBuildPhase section */
		F3D521BB2669310200822E1E /* Frameworks */ = {
			isa = PBXFrameworksBuildPhase;
			buildActionMask = 2147483647;
			files = (
			);
			runOnlyForDeploymentPostprocessing = 0;
		};
		F3D521D12669310500822E1E /* Frameworks */ = {
			isa = PBXFrameworksBuildPhase;
			buildActionMask = 2147483647;
			files = (
			);
			runOnlyForDeploymentPostprocessing = 0;
		};
		F3D521DC2669310500822E1E /* Frameworks */ = {
			isa = PBXFrameworksBuildPhase;
			buildActionMask = 2147483647;
			files = (
			);
			runOnlyForDeploymentPostprocessing = 0;
		};
/* End PBXFrameworksBuildPhase section */

/* Begin PBXGroup section */
		F3D521B52669310200822E1E = {
			isa = PBXGroup;
			children = (
				F3D521C02669310200822E1E /* draw_sample_with_lib */,
				F3D521D72669310500822E1E /* draw_sample_with_libTests */,
				F3D521E22669310500822E1E /* draw_sample_with_libUITests */,
				F3D521BF2669310200822E1E /* Products */,
			);
			sourceTree = "<group>";
		};
		F3D521BF2669310200822E1E /* Products */ = {
			isa = PBXGroup;
			children = (
				F3D521BE2669310200822E1E /* draw_sample_with_lib.app */,
				F3D521D42669310500822E1E /* draw_sample_with_libTests.xctest */,
				F3D521DF2669310500822E1E /* draw_sample_with_libUITests.xctest */,
			);
			name = Products;
			sourceTree = "<group>";
		};
		F3D521C02669310200822E1E /* draw_sample_with_lib */ = {
			isa = PBXGroup;
			children = (
				F3D521C12669310200822E1E /* AppDelegate.swift */,
				F3D521C32669310200822E1E /* SceneDelegate.swift */,
				F3D521C52669310200822E1E /* ViewController.swift */,
				F3D521C72669310200822E1E /* Main.storyboard */,
				F3D521CA2669310500822E1E /* Assets.xcassets */,
				F3D521CC2669310500822E1E /* LaunchScreen.storyboard */,
				F3D521CF2669310500822E1E /* Info.plist */,
			);
			path = draw_sample_with_lib;
			sourceTree = "<group>";
		};
		F3D521D72669310500822E1E /* draw_sample_with_libTests */ = {
			isa = PBXGroup;
			children = (
				F3D521D82669310500822E1E /* draw_sample_with_libTests.swift */,
				F3D521DA2669310500822E1E /* Info.plist */,
			);
			path = draw_sample_with_libTests;
			sourceTree = "<group>";
		};
		F3D521E22669310500822E1E /* draw_sample_with_libUITests */ = {
			isa = PBXGroup;
			children = (
				F3D521E32669310500822E1E /* draw_sample_with_libUITests.swift */,
				F3D521E52669310500822E1E /* Info.plist */,
			);
			path = draw_sample_with_libUITests;
			sourceTree = "<group>";
		};
/* End PBXGroup section */

/* Begin PBXNativeTarget section */
		F3D521BD2669310200822E1E /* draw_sample_with_lib */ = {
			isa = PBXNativeTarget;
			buildConfigurationList = F3D521E82669310500822E1E /* Build configuration list for PBXNativeTarget "draw_sample_with_lib" */;
			buildPhases = (
				F3D521BA2669310200822E1E /* Sources */,
				F3D521BB2669310200822E1E /* Frameworks */,
				F3D521BC2669310200822E1E /* Resources */,
			);
			buildRules = (
			);
			dependencies = (
			);
			name = draw_sample_with_lib;
			productName = draw_sample_with_lib;
			productReference = F3D521BE2669310200822E1E /* draw_sample_with_lib.app */;
			productType = "com.apple.product-type.application";
		};
		F3D521D32669310500822E1E /* draw_sample_with_libTests */ = {
			isa = PBXNativeTarget;
			buildConfigurationList = F3D521EB2669310500822E1E /* Build configuration list for PBXNativeTarget "draw_sample_with_libTests" */;
			buildPhases = (
				F3D521D02669310500822E1E /* Sources */,
				F3D521D12669310500822E1E /* Frameworks */,
				F3D521D22669310500822E1E /* Resources */,
			);
			buildRules = (
			);
			dependencies = (
				F3D521D62669310500822E1E /* PBXTargetDependency */,
			);
			name = draw_sample_with_libTests;
			productName = draw_sample_with_libTests;
			productReference = F3D521D42669310500822E1E /* draw_sample_with_libTests.xctest */;
			productType = "com.apple.product-type.bundle.unit-test";
		};
		F3D521DE2669310500822E1E /* draw_sample_with_libUITests */ = {
			isa = PBXNativeTarget;
			buildConfigurationList = F3D521EE2669310500822E1E /* Build configuration list for PBXNativeTarget "draw_sample_with_libUITests" */;
			buildPhases = (
				F3D521DB2669310500822E1E /* Sources */,
				F3D521DC2669310500822E1E /* Frameworks */,
				F3D521DD2669310500822E1E /* Resources */,
			);
			buildRules = (
			);
			dependencies = (
				F3D521E12669310500822E1E /* PBXTargetDependency */,
			);
			name = draw_sample_with_libUITests;
			productName = draw_sample_with_libUITests;
			productReference = F3D521DF2669310500822E1E /* draw_sample_with_libUITests.xctest */;
			productType = "com.apple.product-type.bundle.ui-testing";
		};
/* End PBXNativeTarget section */

/* Begin PBXProject section */
		F3D521B62669310200822E1E /* Project object */ = {
			isa = PBXProject;
			attributes = {
				LastSwiftUpdateCheck = 1250;
				LastUpgradeCheck = 1250;
				TargetAttributes = {
					F3D521BD2669310200822E1E = {
						CreatedOnToolsVersion = 12.5;
					};
					F3D521D32669310500822E1E = {
						CreatedOnToolsVersion = 12.5;
						TestTargetID = F3D521BD2669310200822E1E;
					};
					F3D521DE2669310500822E1E = {
						CreatedOnToolsVersion = 12.5;
						TestTargetID = F3D521BD2669310200822E1E;
					};
				};
			};
			buildConfigurationList = F3D521B92669310200822E1E /* Build configuration list for PBXProject "draw_sample_with_lib" */;
			compatibilityVersion = "Xcode 9.3";
			developmentRegion = en;
			hasScannedForEncodings = 0;
			knownRegions = (
				en,
				Base,
			);
			mainGroup = F3D521B52669310200822E1E;
			productRefGroup = F3D521BF2669310200822E1E /* Products */;
			projectDirPath = "";
			projectRoot = "";
			targets = (
				F3D521BD2669310200822E1E /* draw_sample_with_lib */,
				F3D521D32669310500822E1E /* draw_sample_with_libTests */,
				F3D521DE2669310500822E1E /* draw_sample_with_libUITests */,
			);
		};
/* End PBXProject section */

/* Begin PBXResourcesBuildPhase section */
		F3D521BC2669310200822E1E /* Resources */ = {
			isa = PBXResourcesBuildPhase;
			buildActionMask = 2147483647;
			files = (
				F3D521CE2669310500822E1E /* LaunchScreen.storyboard in Resources */,
				F3D521CB2669310500822E1E /* Assets.xcassets in Resources */,
				F3D521C92669310200822E1E /* Main.storyboard in Resources */,
			);
			runOnlyForDeploymentPostprocessing = 0;
		};
		F3D521D22669310500822E1E /* Resources */ = {
			isa = PBXResourcesBuildPhase;
			buildActionMask = 2147483647;
			files = (
			);
			runOnlyForDeploymentPostprocessing = 0;
		};
		F3D521DD2669310500822E1E /* Resources */ = {
			isa = PBXResourcesBuildPhase;
			buildActionMask = 2147483647;
			files = (
			);
			runOnlyForDeploymentPostprocessing = 0;
		};
/* End PBXResourcesBuildPhase section */

/* Begin PBXSourcesBuildPhase section */
		F3D521BA2669310200822E1E /* Sources */ = {
			isa = PBXSourcesBuildPhase;
			buildActionMask = 2147483647;
			files = (
				F3D521C62669310200822E1E /* ViewController.swift in Sources */,
				F3D521C22669310200822E1E /* AppDelegate.swift in Sources */,
				F3D521C42669310200822E1E /* SceneDelegate.swift in Sources */,
			);
			runOnlyForDeploymentPostprocessing = 0;
		};
		F3D521D02669310500822E1E /* Sources */ = {
			isa = PBXSourcesBuildPhase;
			buildActionMask = 2147483647;
			files = (
				F3D521D92669310500822E1E /* draw_sample_with_libTests.swift in Sources */,
			);
			runOnlyForDeploymentPostprocessing = 0;
		};
		F3D521DB2669310500822E1E /* Sources */ = {
			isa = PBXSourcesBuildPhase;
			buildActionMask = 2147483647;
			files = (
				F3D521E42669310500822E1E /* draw_sample_with_libUITests.swift in Sources */,
			);
			runOnlyForDeploymentPostprocessing = 0;
		};
/* End PBXSourcesBuildPhase section */

/* Begin PBXTargetDependency section */
		F3D521D62669310500822E1E /* PBXTargetDependency */ = {
			isa = PBXTargetDependency;
			target = F3D521BD2669310200822E1E /* draw_sample_with_lib */;
			targetProxy = F3D521D52669310500822E1E /* PBXContainerItemProxy */;
		};
		F3D521E12669310500822E1E /* PBXTargetDependency */ = {
			isa = PBXTargetDependency;
			target = F3D521BD2669310200822E1E /* draw_sample_with_lib */;
			targetProxy = F3D521E02669310500822E1E /* PBXContainerItemProxy */;
		};
/* End PBXTargetDependency section */

/* Begin PBXVariantGroup section */
		F3D521C72669310200822E1E /* Main.storyboard */ = {
			isa = PBXVariantGroup;
			children = (
				F3D521C82669310200822E1E /* Base */,
			);
			name = Main.storyboard;
			sourceTree = "<group>";
		};
		F3D521CC2669310500822E1E /* LaunchScreen.storyboard */ = {
			isa = PBXVariantGroup;
			children = (
				F3D521CD2669310500822E1E /* Base */,
			);
			name = LaunchScreen.storyboard;
			sourceTree = "<group>";
		};
/* End PBXVariantGroup section */

/* Begin XCBuildConfiguration section */
		F3D521E62669310500822E1E /* Debug */ = {
			isa = XCBuildConfiguration;
			buildSettings = {
				ALWAYS_SEARCH_USER_PATHS = NO;
				CLANG_ANALYZER_NONNULL = YES;
				CLANG_ANALYZER_NUMBER_OBJECT_CONVERSION = YES_AGGRESSIVE;
				CLANG_CXX_LANGUAGE_STANDARD = "gnu++14";
				CLANG_CXX_LIBRARY = "libc++";
				CLANG_ENABLE_MODULES = YES;
				CLANG_ENABLE_OBJC_ARC = YES;
				CLANG_ENABLE_OBJC_WEAK = YES;
				CLANG_WARN_BLOCK_CAPTURE_AUTORELEASING = YES;
				CLANG_WARN_BOOL_CONVERSION = YES;
				CLANG_WARN_COMMA = YES;
				CLANG_WARN_CONSTANT_CONVERSION = YES;
				CLANG_WARN_DEPRECATED_OBJC_IMPLEMENTATIONS = YES;
				CLANG_WARN_DIRECT_OBJC_ISA_USAGE = YES_ERROR;
				CLANG_WARN_DOCUMENTATION_COMMENTS = YES;
				CLANG_WARN_EMPTY_BODY = YES;
				CLANG_WARN_ENUM_CONVERSION = YES;
				CLANG_WARN_INFINITE_RECURSION = YES;
				CLANG_WARN_INT_CONVERSION = YES;
				CLANG_WARN_NON_LITERAL_NULL_CONVERSION = YES;
				CLANG_WARN_OBJC_IMPLICIT_RETAIN_SELF = YES;
				CLANG_WARN_OBJC_LITERAL_CONVERSION = YES;
				CLANG_WARN_OBJC_ROOT_CLASS = YES_ERROR;
				CLANG_WARN_QUOTED_INCLUDE_IN_FRAMEWORK_HEADER = YES;
				CLANG_WARN_RANGE_LOOP_ANALYSIS = YES;
				CLANG_WARN_STRICT_PROTOTYPES = YES;
				CLANG_WARN_SUSPICIOUS_MOVE = YES;
				CLANG_WARN_UNGUARDED_AVAILABILITY = YES_AGGRESSIVE;
				CLANG_WARN_UNREACHABLE_CODE = YES;
				CLANG_WARN__DUPLICATE_METHOD_MATCH = YES;
				COPY_PHASE_STRIP = NO;
				DEBUG_INFORMATION_FORMAT = dwarf;
				ENABLE_STRICT_OBJC_MSGSEND = YES;
				ENABLE_TESTABILITY = YES;
				GCC_C_LANGUAGE_STANDARD = gnu11;
				GCC_DYNAMIC_NO_PIC = NO;
				GCC_NO_COMMON_BLOCKS = YES;
				GCC_OPTIMIZATION_LEVEL = 0;
				GCC_PREPROCESSOR_DEFINITIONS = (
					"DEBUG=1",
					"$(inherited)",
				);
				GCC_WARN_64_TO_32_BIT_CONVERSION = YES;
				GCC_WARN_ABOUT_RETURN_TYPE = YES_ERROR;
				GCC_WARN_UNDECLARED_SELECTOR = YES;
				GCC_WARN_UNINITIALIZED_AUTOS = YES_AGGRESSIVE;
				GCC_WARN_UNUSED_FUNCTION = YES;
				GCC_WARN_UNUSED_VARIABLE = YES;
				IPHONEOS_DEPLOYMENT_TARGET = 14.5;
				MTL_ENABLE_DEBUG_INFO = INCLUDE_SOURCE;
				MTL_FAST_MATH = YES;
				ONLY_ACTIVE_ARCH = YES;
				SDKROOT = iphoneos;
				SWIFT_ACTIVE_COMPILATION_CONDITIONS = DEBUG;
				SWIFT_OPTIMIZATION_LEVEL = "-Onone";
			};
			name = Debug;
		};
		F3D521E72669310500822E1E /* Release */ = {
			isa = XCBuildConfiguration;
			buildSettings = {
				ALWAYS_SEARCH_USER_PATHS = NO;
				CLANG_ANALYZER_NONNULL = YES;
				CLANG_ANALYZER_NUMBER_OBJECT_CONVERSION = YES_AGGRESSIVE;
				CLANG_CXX_LANGUAGE_STANDARD = "gnu++14";
				CLANG_CXX_LIBRARY = "libc++";
				CLANG_ENABLE_MODULES = YES;
				CLANG_ENABLE_OBJC_ARC = YES;
				CLANG_ENABLE_OBJC_WEAK = YES;
				CLANG_WARN_BLOCK_CAPTURE_AUTORELEASING = YES;
				CLANG_WARN_BOOL_CONVERSION = YES;
				CLANG_WARN_COMMA = YES;
				CLANG_WARN_CONSTANT_CONVERSION = YES;
				CLANG_WARN_DEPRECATED_OBJC_IMPLEMENTATIONS = YES;
				CLANG_WARN_DIRECT_OBJC_ISA_USAGE = YES_ERROR;
				CLANG_WARN_DOCUMENTATION_COMMENTS = YES;
				CLANG_WARN_EMPTY_BODY = YES;
				CLANG_WARN_ENUM_CONVERSION = YES;
				CLANG_WARN_INFINITE_RECURSION = YES;
				CLANG_WARN_INT_CONVERSION = YES;
				CLANG_WARN_NON_LITERAL_NULL_CONVERSION = YES;
				CLANG_WARN_OBJC_IMPLICIT_RETAIN_SELF = YES;
				CLANG_WARN_OBJC_LITERAL_CONVERSION = YES;
				CLANG_WARN_OBJC_ROOT_CLASS = YES_ERROR;
				CLANG_WARN_QUOTED_INCLUDE_IN_FRAMEWORK_HEADER = YES;
				CLANG_WARN_RANGE_LOOP_ANALYSIS = YES;
				CLANG_WARN_STRICT_PROTOTYPES = YES;
				CLANG_WARN_SUSPICIOUS_MOVE = YES;
				CLANG_WARN_UNGUARDED_AVAILABILITY = YES_AGGRESSIVE;
				CLANG_WARN_UNREACHABLE_CODE = YES;
				CLANG_WARN__DUPLICATE_METHOD_MATCH = YES;
				COPY_PHASE_STRIP = NO;
				DEBUG_INFORMATION_FORMAT = "dwarf-with-dsym";
				ENABLE_NS_ASSERTIONS = NO;
				ENABLE_STRICT_OBJC_MSGSEND = YES;
				GCC_C_LANGUAGE_STANDARD = gnu11;
				GCC_NO_COMMON_BLOCKS = YES;
				GCC_WARN_64_TO_32_BIT_CONVERSION = YES;
				GCC_WARN_ABOUT_RETURN_TYPE = YES_ERROR;
				GCC_WARN_UNDECLARED_SELECTOR = YES;
				GCC_WARN_UNINITIALIZED_AUTOS = YES_AGGRESSIVE;
				GCC_WARN_UNUSED_FUNCTION = YES;
				GCC_WARN_UNUSED_VARIABLE = YES;
				IPHONEOS_DEPLOYMENT_TARGET = 14.5;
				MTL_ENABLE_DEBUG_INFO = NO;
				MTL_FAST_MATH = YES;
				SDKROOT = iphoneos;
				SWIFT_COMPILATION_MODE = wholemodule;
				SWIFT_OPTIMIZATION_LEVEL = "-O";
				VALIDATE_PRODUCT = YES;
			};
			name = Release;
		};
		F3D521E92669310500822E1E /* Debug */ = {
			isa = XCBuildConfiguration;
			buildSettings = {
				ASSETCATALOG_COMPILER_APPICON_NAME = AppIcon;
				ASSETCATALOG_COMPILER_GLOBAL_ACCENT_COLOR_NAME = AccentColor;
				CODE_SIGN_STYLE = Automatic;
				DEVELOPMENT_TEAM = 9B572M55JZ;
				INFOPLIST_FILE = draw_sample_with_lib/Info.plist;
				LD_RUNPATH_SEARCH_PATHS = (
					"$(inherited)",
					"@executable_path/Frameworks",
				);
				PRODUCT_BUNDLE_IDENTIFIER = "jp.hiratsuka.draw.draw-sample-with-lib";
				PRODUCT_NAME = "$(TARGET_NAME)";
				SWIFT_VERSION = 5.0;
				TARGETED_DEVICE_FAMILY = "1,2";
			};
			name = Debug;
		};
		F3D521EA2669310500822E1E /* Release */ = {
			isa = XCBuildConfiguration;
			buildSettings = {
				ASSETCATALOG_COMPILER_APPICON_NAME = AppIcon;
				ASSETCATALOG_COMPILER_GLOBAL_ACCENT_COLOR_NAME = AccentColor;
				CODE_SIGN_STYLE = Automatic;
				DEVELOPMENT_TEAM = 9B572M55JZ;
				INFOPLIST_FILE = draw_sample_with_lib/Info.plist;
				LD_RUNPATH_SEARCH_PATHS = (
					"$(inherited)",
					"@executable_path/Frameworks",
				);
				PRODUCT_BUNDLE_IDENTIFIER = "jp.hiratsuka.draw.draw-sample-with-lib";
				PRODUCT_NAME = "$(TARGET_NAME)";
				SWIFT_VERSION = 5.0;
				TARGETED_DEVICE_FAMILY = "1,2";
			};
			name = Release;
		};
		F3D521EC2669310500822E1E /* Debug */ = {
			isa = XCBuildConfiguration;
			buildSettings = {
				ALWAYS_EMBED_SWIFT_STANDARD_LIBRARIES = YES;
				BUNDLE_LOADER = "$(TEST_HOST)";
				CODE_SIGN_STYLE = Automatic;
				DEVELOPMENT_TEAM = 9B572M55JZ;
				INFOPLIST_FILE = draw_sample_with_libTests/Info.plist;
				IPHONEOS_DEPLOYMENT_TARGET = 14.5;
				LD_RUNPATH_SEARCH_PATHS = (
					"$(inherited)",
					"@executable_path/Frameworks",
					"@loader_path/Frameworks",
				);
				PRODUCT_BUNDLE_IDENTIFIER = "jp.hiratsuka.draw.draw-sample-with-libTests";
				PRODUCT_NAME = "$(TARGET_NAME)";
				SWIFT_VERSION = 5.0;
				TARGETED_DEVICE_FAMILY = "1,2";
				TEST_HOST = "$(BUILT_PRODUCTS_DIR)/draw_sample_with_lib.app/draw_sample_with_lib";
			};
			name = Debug;
		};
		F3D521ED2669310500822E1E /* Release */ = {
			isa = XCBuildConfiguration;
			buildSettings = {
				ALWAYS_EMBED_SWIFT_STANDARD_LIBRARIES = YES;
				BUNDLE_LOADER = "$(TEST_HOST)";
				CODE_SIGN_STYLE = Automatic;
				DEVELOPMENT_TEAM = 9B572M55JZ;
				INFOPLIST_FILE = draw_sample_with_libTests/Info.plist;
				IPHONEOS_DEPLOYMENT_TARGET = 14.5;
				LD_RUNPATH_SEARCH_PATHS = (
					"$(inherited)",
					"@executable_path/Frameworks",
					"@loader_path/Frameworks",
				);
				PRODUCT_BUNDLE_IDENTIFIER = "jp.hiratsuka.draw.draw-sample-with-libTests";
				PRODUCT_NAME = "$(TARGET_NAME)";
				SWIFT_VERSION = 5.0;
				TARGETED_DEVICE_FAMILY = "1,2";
				TEST_HOST = "$(BUILT_PRODUCTS_DIR)/draw_sample_with_lib.app/draw_sample_with_lib";
			};
			name = Release;
		};
		F3D521EF2669310500822E1E /* Debug */ = {
			isa = XCBuildConfiguration;
			buildSettings = {
				ALWAYS_EMBED_SWIFT_STANDARD_LIBRARIES = YES;
				CODE_SIGN_STYLE = Automatic;
				DEVELOPMENT_TEAM = 9B572M55JZ;
				INFOPLIST_FILE = draw_sample_with_libUITests/Info.plist;
				LD_RUNPATH_SEARCH_PATHS = (
					"$(inherited)",
					"@executable_path/Frameworks",
					"@loader_path/Frameworks",
				);
				PRODUCT_BUNDLE_IDENTIFIER = "jp.hiratsuka.draw.draw-sample-with-libUITests";
				PRODUCT_NAME = "$(TARGET_NAME)";
				SWIFT_VERSION = 5.0;
				TARGETED_DEVICE_FAMILY = "1,2";
				TEST_TARGET_NAME = draw_sample_with_lib;
			};
			name = Debug;
		};
		F3D521F02669310500822E1E /* Release */ = {
			isa = XCBuildConfiguration;
			buildSettings = {
				ALWAYS_EMBED_SWIFT_STANDARD_LIBRARIES = YES;
				CODE_SIGN_STYLE = Automatic;
				DEVELOPMENT_TEAM = 9B572M55JZ;
				INFOPLIST_FILE = draw_sample_with_libUITests/Info.plist;
				LD_RUNPATH_SEARCH_PATHS = (
					"$(inherited)",
					"@executable_path/Frameworks",
					"@loader_path/Frameworks",
				);
				PRODUCT_BUNDLE_IDENTIFIER = "jp.hiratsuka.draw.draw-sample-with-libUITests";
				PRODUCT_NAME = "$(TARGET_NAME)";
				SWIFT_VERSION = 5.0;
				TARGETED_DEVICE_FAMILY = "1,2";
				TEST_TARGET_NAME = draw_sample_with_lib;
			};
			name = Release;
		};
/* End XCBuildConfiguration section */

/* Begin XCConfigurationList section */
		F3D521B92669310200822E1E /* Build configuration list for PBXProject "draw_sample_with_lib" */ = {
			isa = XCConfigurationList;
			buildConfigurations = (
				F3D521E62669310500822E1E /* Debug */,
				F3D521E72669310500822E1E /* Release */,
			);
			defaultConfigurationIsVisible = 0;
			defaultConfigurationName = Release;
		};
		F3D521E82669310500822E1E /* Build configuration list for PBXNativeTarget "draw_sample_with_lib" */ = {
			isa = XCConfigurationList;
			buildConfigurations = (
				F3D521E92669310500822E1E /* Debug */,
				F3D521EA2669310500822E1E /* Release */,
			);
			defaultConfigurationIsVisible = 0;
			defaultConfigurationName = Release;
		};
		F3D521EB2669310500822E1E /* Build configuration list for PBXNativeTarget "draw_sample_with_libTests" */ = {
			isa = XCConfigurationList;
			buildConfigurations = (
				F3D521EC2669310500822E1E /* Debug */,
				F3D521ED2669310500822E1E /* Release */,
			);
			defaultConfigurationIsVisible = 0;
			defaultConfigurationName = Release;
		};
		F3D521EE2669310500822E1E /* Build configuration list for PBXNativeTarget "draw_sample_with_libUITests" */ = {
			isa = XCConfigurationList;
			buildConfigurations = (
				F3D521EF2669310500822E1E /* Debug */,
				F3D521F02669310500822E1E /* Release */,
			);
			defaultConfigurationIsVisible = 0;
			defaultConfigurationName = Release;
		};
/* End XCConfigurationList section */
	};
	rootObject = F3D521B62669310200822E1E /* Project object */;
}
